{
  "nodes": {
    "root": {
      "inputs": {
        "tokyonight": "tokyonight"
      }
    },
    "tokyonight": {
      "flake": false,
      "locked": {
        "lastModified": 1718290541,
        "narHash": "sha256-T8ERhTOBAoHJz2zAbmSRFbybwl6nl1uFI+rrs7/0Bi8=",
        "owner": "folke",
        "repo": "tokyonight.nvim",
        "rev": "81c867c5f638597a82c82094dcb90ed42444dabc",
        "type": "github"
      },
      "original": {
        "owner": "folke",
        "repo": "tokyonight.nvim",
        "type": "github"
      }
    }
  },
  "root": "root",
  "version": 7
}
